
Microsoft Visual Studio Solution File, Format Version 12.00
# Visual Studio Version 17
VisualStudioVersion = 17.7.34009.444
MinimumVisualStudioVersion = 10.0.40219.1
Project("{FAE04EC0-301F-11D3-BF4B-00C04F79EFBC}") = "Lab1Ex7won7", "Lab1Ex7won7\Lab1Ex7won7.csproj", "{BE25B332-BFA9-4072-860C-303DBEC8AFD0}"
EndProject
Global
	GlobalSection(SolutionConfigurationPlatforms) = preSolution
		Debug|Any CPU = Debug|Any CPU
		Release|Any CPU = Release|Any CPU
	EndGlobalSection
	GlobalSection(ProjectConfigurationPlatforms) = postSolution
		{BE25B332-BFA9-4072-860C-303DBEC8AFD0}.Debug|Any CPU.ActiveCfg = Debug|Any CPU
		{BE25B332-BFA9-4072-860C-303DBEC8AFD0}.Debug|Any CPU.Build.0 = Debug|Any CPU
		{BE25B332-BFA9-4072-860C-303DBEC8AFD0}.Release|Any CPU.ActiveCfg = Release|Any CPU
		{BE25B332-BFA9-4072-860C-303DBEC8AFD0}.Release|Any CPU.Build.0 = Release|Any CPU
	EndGlobalSection
	GlobalSection(SolutionProperties) = preSolution
		HideSolutionNode = FALSE
	EndGlobalSection
	GlobalSection(ExtensibilityGlobals) = postSolution
		SolutionGuid = {2DF24CEB-E373-4EA9-9912-086BC9912708}
	EndGlobalSection
EndGlobal
